
Microsoft Visual Studio Solution File, Format Version 12.00
# Visual Studio Version 16
VisualStudioVersion = 16.0.31613.86
MinimumVisualStudioVersion = 10.0.40219.1
Project("{2150E333-8FDC-42A3-9474-1A3956D46DE8}") = "ShopManagement", "ShopManagement", "{0BA16A67-6920-4086-8B92-9CECBAF01C38}"
EndProject
Project("{2150E333-8FDC-42A3-9474-1A3956D46DE8}") = "SM.Domain", "SM.Domain", "{0354F49D-EE03-4711-BBEF-E22669A6572A}"
EndProject
Project("{9A19103F-16F7-4668-BE54-9A1E7A4F7556}") = "ShopManagement.Domain", "ShopManagement.Domain\ShopManagement.Domain.csproj", "{D287A689-C787-475D-AA9B-457D794DBE4E}"
EndProject
Project("{9A19103F-16F7-4668-BE54-9A1E7A4F7556}") = "0_Framework", "0_Framework\0_Framework.csproj", "{50E9789E-A4C8-4615-88CE-61A934A04E86}"
EndProject
Project("{2150E333-8FDC-42A3-9474-1A3956D46DE8}") = "SM.Application", "SM.Application", "{9BF02300-954B-4BD0-9AF3-F19CDDCA19D5}"
EndProject
Project("{9A19103F-16F7-4668-BE54-9A1E7A4F7556}") = "ShopManagement.Application.Contracts", "ShopManagement.Application.Contracts\ShopManagement.Application.Contracts.csproj", "{D561ED1B-8DB2-4C9C-A9AC-97B2C9EF6C68}"
EndProject
Project("{9A19103F-16F7-4668-BE54-9A1E7A4F7556}") = "ShopManagement.Application", "ShopManagement.Application\ShopManagement.Application.csproj", "{26EC3D57-9220-4148-89E8-7008390BD337}"
EndProject
Project("{2150E333-8FDC-42A3-9474-1A3956D46DE8}") = "SM.Infrastructure", "SM.Infrastructure", "{32F525FA-AC5C-4292-9AF1-31B04E293D2C}"
EndProject
Project("{9A19103F-16F7-4668-BE54-9A1E7A4F7556}") = "ShopManagement.Infrastructure.EFCore", "ShopManagement.Infrastructure.EFCore\ShopManagement.Infrastructure.EFCore.csproj", "{72D0773D-B7DB-4B71-B55C-75DA2936A3E4}"
EndProject
Project("{9A19103F-16F7-4668-BE54-9A1E7A4F7556}") = "ShopManagement.Configuration", "ShopManagement.Configuration\ShopManagement.Configuration.csproj", "{FF81B874-5715-4161-A0B9-2A1FCF96C781}"
EndProject
Project("{9A19103F-16F7-4668-BE54-9A1E7A4F7556}") = "ServiceHost", "ServiceHost\ServiceHost.csproj", "{7F885A59-155A-4B5A-824C-F8820358BAA6}"
EndProject
Project("{9A19103F-16F7-4668-BE54-9A1E7A4F7556}") = "01_AnsarPlastQuery", "01_AnsarPlastQuery\01_AnsarPlastQuery.csproj", "{E5F88B17-2DC3-4BCE-844C-81BDA0C64CD8}"
EndProject
Project("{2150E333-8FDC-42A3-9474-1A3956D46DE8}") = "DiscountManagement", "DiscountManagement", "{99048E0F-B4B8-4895-BD3B-4C31434AB4D4}"
EndProject
Project("{2150E333-8FDC-42A3-9474-1A3956D46DE8}") = "DM.Domain", "DM.Domain", "{2D7F791A-5B44-4563-AC4B-C5E7254632AE}"
EndProject
Project("{9A19103F-16F7-4668-BE54-9A1E7A4F7556}") = "DiscountManagement.Domain", "DiscountManagement.Domain\DiscountManagement.Domain.csproj", "{3CC9AC1E-482C-48F6-9BC2-A48C03F3A9C6}"
EndProject
Project("{2150E333-8FDC-42A3-9474-1A3956D46DE8}") = "DM.Application", "DM.Application", "{9A1D6B2E-FF50-4575-9AAB-E056A942DF28}"
EndProject
Project("{9A19103F-16F7-4668-BE54-9A1E7A4F7556}") = "DiscountManagement.Application.Contract", "DiscountManagement.Application.Contract\DiscountManagement.Application.Contract.csproj", "{19667D3C-64BB-4000-A4F9-74086DF512A4}"
EndProject
Project("{9A19103F-16F7-4668-BE54-9A1E7A4F7556}") = "DiscountManagement.Application", "DiscountManagement.Application\DiscountManagement.Application.csproj", "{8305CABB-7C84-4FBD-98F7-5722EB1698B5}"
EndProject
Project("{2150E333-8FDC-42A3-9474-1A3956D46DE8}") = "DM.Infrastructure", "DM.Infrastructure", "{38BD20CB-5E08-49C5-8453-D21E8DF5D000}"
EndProject
Project("{9A19103F-16F7-4668-BE54-9A1E7A4F7556}") = "DiscountManagement.Infrastructure.EFCore", "DiscountManagement.Infrastructure.EFCore\DiscountManagement.Infrastructure.EFCore.csproj", "{03BF3326-5857-411C-8EAB-DB3952A5BCA6}"
EndProject
Project("{9A19103F-16F7-4668-BE54-9A1E7A4F7556}") = "DiscountManagement.Configuration", "DiscountManagement.Configuration\DiscountManagement.Configuration.csproj", "{D59DF36E-E4D1-4D3F-939E-FF5F40E66C1E}"
EndProject
Project("{2150E333-8FDC-42A3-9474-1A3956D46DE8}") = "InventoryManagement", "InventoryManagement", "{AF8E7B21-4BF0-4A58-B81F-852D18A0BB9F}"
EndProject
Project("{2150E333-8FDC-42A3-9474-1A3956D46DE8}") = "IM.Domain", "IM.Domain", "{1D213890-6471-42D6-A85D-53500FBA76F4}"
EndProject
Project("{9A19103F-16F7-4668-BE54-9A1E7A4F7556}") = "InventoryManagement.Domain", "InventoryManagement.Domain\InventoryManagement.Domain.csproj", "{4B2E5744-988C-4C93-93AA-A6DDB24C55F9}"
EndProject
Project("{2150E333-8FDC-42A3-9474-1A3956D46DE8}") = "IM.Application", "IM.Application", "{3C7D75FF-66BA-436B-9D92-9C951EC744F0}"
EndProject
Project("{9A19103F-16F7-4668-BE54-9A1E7A4F7556}") = "InventoryManagement.Application.Contract", "InventoryManagement.Application.Contract\InventoryManagement.Application.Contract.csproj", "{92361704-FCE5-4BE4-AD38-877543ADECE2}"
EndProject
Project("{2150E333-8FDC-42A3-9474-1A3956D46DE8}") = "IM.Infrastructure", "IM.Infrastructure", "{79EDE80F-0AA0-41E7-B7BF-D0440655982C}"
EndProject
Project("{9A19103F-16F7-4668-BE54-9A1E7A4F7556}") = "InventoryManagement.Infrastructure.EFCore", "InventoryManagement.Infrastructure.EFCore\InventoryManagement.Infrastructure.EFCore.csproj", "{AB0D3E97-82D8-4B7B-A92C-0A4A6E774462}"
EndProject
Project("{9A19103F-16F7-4668-BE54-9A1E7A4F7556}") = "InventoryManagement.Infrastructure.Configuration", "InventoryManagement.Infrastructure.Configuration\InventoryManagement.Infrastructure.Configuration.csproj", "{909E6958-8D99-4DA9-B1B3-9F4A39C79204}"
EndProject
Project("{9A19103F-16F7-4668-BE54-9A1E7A4F7556}") = "InventoryManagement.Application", "InventoryManagement.Application\InventoryManagement.Application.csproj", "{EAEC4E98-D9C9-468B-9B1F-115A553C49A8}"
EndProject
Project("{2150E333-8FDC-42A3-9474-1A3956D46DE8}") = "BlogManagement", "BlogManagement", "{B46B7A83-1B71-494E-814A-15E65F97E837}"
EndProject
Project("{2150E333-8FDC-42A3-9474-1A3956D46DE8}") = "BM.Domain", "BM.Domain", "{100A781D-FC58-4783-8930-43555EF667A7}"
EndProject
Project("{9A19103F-16F7-4668-BE54-9A1E7A4F7556}") = "BlogManagement.Domain", "BlogManagement.Domain\BlogManagement.Domain.csproj", "{BFD486FE-D10B-48DE-A469-86B27E4F96F1}"
EndProject
Project("{2150E333-8FDC-42A3-9474-1A3956D46DE8}") = "BM.Application", "BM.Application", "{E96CD4D6-6BD6-48FB-B6B3-D93671D6B2BF}"
EndProject
Project("{9A19103F-16F7-4668-BE54-9A1E7A4F7556}") = "BlogManagement.Application.Contract", "BlogManagement.Contract\BlogManagement.Application.Contract.csproj", "{5F0D1FEA-208C-4035-88D7-351F6A23386F}"
EndProject
Project("{9A19103F-16F7-4668-BE54-9A1E7A4F7556}") = "BlogManagement.Application", "BlogManagement.Application\BlogManagement.Application.csproj", "{607F2FDD-B004-4A63-B9C3-561731671478}"
EndProject
Project("{2150E333-8FDC-42A3-9474-1A3956D46DE8}") = "BM.Infrastructure", "BM.Infrastructure", "{8527FA3B-2C75-4732-AE4B-0228FCDA2724}"
EndProject
Project("{9A19103F-16F7-4668-BE54-9A1E7A4F7556}") = "BlogManagement.Infrastructure.EFCore", "BlogManagement.Infrastructure.EFCore\BlogManagement.Infrastructure.EFCore.csproj", "{8F59B38F-5BB3-46BD-A3B3-53E3AECE8047}"
EndProject
Project("{9A19103F-16F7-4668-BE54-9A1E7A4F7556}") = "BlogManagement.Infrastructure.Configuration", "BlogManagement.Infrastructure.Configuration\BlogManagement.Infrastructure.Configuration.csproj", "{72253D1F-329E-4991-A96B-80E07303EF84}"
EndProject
Project("{2150E333-8FDC-42A3-9474-1A3956D46DE8}") = "CommentManagement", "CommentManagement", "{C53C14A9-47B2-4BBC-BBA1-DF528DE60379}"
EndProject
Project("{2150E333-8FDC-42A3-9474-1A3956D46DE8}") = "CM.Domain", "CM.Domain", "{A67DA03C-3910-4BBF-AA9E-CE130C1EF40C}"
EndProject
Project("{9A19103F-16F7-4668-BE54-9A1E7A4F7556}") = "CommentManagement.Domain", "CommentManagement.Domain\CommentManagement.Domain.csproj", "{EC487B8A-E865-496A-94D9-E8D033AB6FCE}"
EndProject
Project("{2150E333-8FDC-42A3-9474-1A3956D46DE8}") = "CM.Application", "CM.Application", "{06CEF98B-E2C6-4AA3-9EB2-B51C70CC12DC}"
EndProject
Project("{9A19103F-16F7-4668-BE54-9A1E7A4F7556}") = "CommentManagement.Application.Contracts", "CommentManagement.Application.Contracts\CommentManagement.Application.Contracts.csproj", "{B1F24337-C4B7-4B6D-9110-4C6244FD6427}"
EndProject
Project("{9A19103F-16F7-4668-BE54-9A1E7A4F7556}") = "CommentManagement.Application", "CommentManagement.Application\CommentManagement.Application.csproj", "{F3470CB5-5699-4810-B027-C165C606A31D}"
EndProject
Project("{2150E333-8FDC-42A3-9474-1A3956D46DE8}") = "CM.Infrastructure", "CM.Infrastructure", "{4F8AA009-62A8-4054-8C3E-7265AF02238D}"
EndProject
Project("{9A19103F-16F7-4668-BE54-9A1E7A4F7556}") = "CommentManagement.Infrastructure.EFCore", "CommentManagement.Infrastructure.EFCore\CommentManagement.Infrastructure.EFCore.csproj", "{D0CE5989-8B01-4140-8207-210DF59B1A70}"
EndProject
Project("{9A19103F-16F7-4668-BE54-9A1E7A4F7556}") = "CommentManagement.Infrastructure.Configuration", "CommentManagement.Infrastructure.Configuration\CommentManagement.Infrastructure.Configuration.csproj", "{54CCA0F5-E38E-4949-A490-259154440960}"
EndProject
Project("{2150E333-8FDC-42A3-9474-1A3956D46DE8}") = "AccountManagement", "AccountManagement", "{ED8B2874-1771-4E5B-9A0C-8514258EA4DF}"
EndProject
Project("{2150E333-8FDC-42A3-9474-1A3956D46DE8}") = "AM.Domain", "AM.Domain", "{4904CF77-85B7-46B7-BD31-1656961D0C63}"
EndProject
Project("{9A19103F-16F7-4668-BE54-9A1E7A4F7556}") = "AccountManagement.Domain", "AccountManagement.Domain\AccountManagement.Domain.csproj", "{49941AB4-C988-49A0-BFCE-454EF460387F}"
EndProject
Project("{2150E333-8FDC-42A3-9474-1A3956D46DE8}") = "AM.Application", "AM.Application", "{587C34C0-8217-41C1-961E-3D6CFC088860}"
EndProject
Project("{9A19103F-16F7-4668-BE54-9A1E7A4F7556}") = "AccountManagement.Application.Contracts", "AccountManagement.Application.Contracts\AccountManagement.Application.Contracts.csproj", "{8A9E3D37-83C9-409A-BA12-893B8CFBE5D0}"
EndProject
Project("{2150E333-8FDC-42A3-9474-1A3956D46DE8}") = "AM.Infrastructure", "AM.Infrastructure", "{67EC3AF6-DD14-4695-809B-A430EBB532B4}"
EndProject
Project("{9A19103F-16F7-4668-BE54-9A1E7A4F7556}") = "AccountManagement.Infrastructure.EFCore", "AccountManagement.Infrastructure.EFCore\AccountManagement.Infrastructure.EFCore.csproj", "{9AA741E9-4257-481E-9F90-659C4BBA62FA}"
EndProject
Project("{9A19103F-16F7-4668-BE54-9A1E7A4F7556}") = "AccountManagement.Application", "AccountManagement.Application\AccountManagement.Application.csproj", "{FFD1CB12-623E-402F-B62B-49D8628E94BD}"
EndProject
Project("{9A19103F-16F7-4668-BE54-9A1E7A4F7556}") = "AccountManagement.Infrastructure.Configuration", "AccountManagement.Infrastructure.Configuration\AccountManagement.Infrastructure.Configuration.csproj", "{F24B777F-D198-4575-80EF-5B6AA96F9525}"
EndProject
Project("{9A19103F-16F7-4668-BE54-9A1E7A4F7556}") = "ShopManagement.Infrastructure.Inventory.ACL", "ShopManagement.Infrastructure.Inventory.ACL\ShopManagement.Infrastructure.Inventory.ACL.csproj", "{7A5FF697-9C12-42AD-9A8A-E55922C43475}"
EndProject
Project("{2150E333-8FDC-42A3-9474-1A3956D46DE8}") = "SM.Presentation", "SM.Presentation", "{1C90E09C-EC88-4F2F-8EB4-9E522AE396E9}"
EndProject
Project("{9A19103F-16F7-4668-BE54-9A1E7A4F7556}") = "ShopManagement.Presentation.Api", "ShopManagement.Presentation.Api\ShopManagement.Presentation.Api.csproj", "{B238E547-229F-4722-9248-C0E42B41A575}"
EndProject
Project("{2150E333-8FDC-42A3-9474-1A3956D46DE8}") = "IM.Presentation", "IM.Presentation", "{E55EC257-F3FC-4CD7-B840-F618E2C6C265}"
EndProject
Project("{9A19103F-16F7-4668-BE54-9A1E7A4F7556}") = "InventoryManagement.Presentation.Api", "InventoryManagement.Presentation.Api\InventoryManagement.Presentation.Api.csproj", "{87D08B5E-F696-48F0-B805-BCF16D78327C}"
EndProject
Global
	GlobalSection(SolutionConfigurationPlatforms) = preSolution
		Debug|Any CPU = Debug|Any CPU
		Release|Any CPU = Release|Any CPU
	EndGlobalSection
	GlobalSection(ProjectConfigurationPlatforms) = postSolution
		{D287A689-C787-475D-AA9B-457D794DBE4E}.Debug|Any CPU.ActiveCfg = Debug|Any CPU
		{D287A689-C787-475D-AA9B-457D794DBE4E}.Debug|Any CPU.Build.0 = Debug|Any CPU
		{D287A689-C787-475D-AA9B-457D794DBE4E}.Release|Any CPU.ActiveCfg = Release|Any CPU
		{D287A689-C787-475D-AA9B-457D794DBE4E}.Release|Any CPU.Build.0 = Release|Any CPU
		{50E9789E-A4C8-4615-88CE-61A934A04E86}.Debug|Any CPU.ActiveCfg = Debug|Any CPU
		{50E9789E-A4C8-4615-88CE-61A934A04E86}.Debug|Any CPU.Build.0 = Debug|Any CPU
		{50E9789E-A4C8-4615-88CE-61A934A04E86}.Release|Any CPU.ActiveCfg = Release|Any CPU
		{50E9789E-A4C8-4615-88CE-61A934A04E86}.Release|Any CPU.Build.0 = Release|Any CPU
		{D561ED1B-8DB2-4C9C-A9AC-97B2C9EF6C68}.Debug|Any CPU.ActiveCfg = Debug|Any CPU
		{D561ED1B-8DB2-4C9C-A9AC-97B2C9EF6C68}.Debug|Any CPU.Build.0 = Debug|Any CPU
		{D561ED1B-8DB2-4C9C-A9AC-97B2C9EF6C68}.Release|Any CPU.ActiveCfg = Release|Any CPU
		{D561ED1B-8DB2-4C9C-A9AC-97B2C9EF6C68}.Release|Any CPU.Build.0 = Release|Any CPU
		{26EC3D57-9220-4148-89E8-7008390BD337}.Debug|Any CPU.ActiveCfg = Debug|Any CPU
		{26EC3D57-9220-4148-89E8-7008390BD337}.Debug|Any CPU.Build.0 = Debug|Any CPU
		{26EC3D57-9220-4148-89E8-7008390BD337}.Release|Any CPU.ActiveCfg = Release|Any CPU
		{26EC3D57-9220-4148-89E8-7008390BD337}.Release|Any CPU.Build.0 = Release|Any CPU
		{72D0773D-B7DB-4B71-B55C-75DA2936A3E4}.Debug|Any CPU.ActiveCfg = Debug|Any CPU
		{72D0773D-B7DB-4B71-B55C-75DA2936A3E4}.Debug|Any CPU.Build.0 = Debug|Any CPU
		{72D0773D-B7DB-4B71-B55C-75DA2936A3E4}.Release|Any CPU.ActiveCfg = Release|Any CPU
		{72D0773D-B7DB-4B71-B55C-75DA2936A3E4}.Release|Any CPU.Build.0 = Release|Any CPU
		{FF81B874-5715-4161-A0B9-2A1FCF96C781}.Debug|Any CPU.ActiveCfg = Debug|Any CPU
		{FF81B874-5715-4161-A0B9-2A1FCF96C781}.Debug|Any CPU.Build.0 = Debug|Any CPU
		{FF81B874-5715-4161-A0B9-2A1FCF96C781}.Release|Any CPU.ActiveCfg = Release|Any CPU
		{FF81B874-5715-4161-A0B9-2A1FCF96C781}.Release|Any CPU.Build.0 = Release|Any CPU
		{7F885A59-155A-4B5A-824C-F8820358BAA6}.Debug|Any CPU.ActiveCfg = Debug|Any CPU
		{7F885A59-155A-4B5A-824C-F8820358BAA6}.Debug|Any CPU.Build.0 = Debug|Any CPU
		{7F885A59-155A-4B5A-824C-F8820358BAA6}.Release|Any CPU.ActiveCfg = Release|Any CPU
		{7F885A59-155A-4B5A-824C-F8820358BAA6}.Release|Any CPU.Build.0 = Release|Any CPU
		{E5F88B17-2DC3-4BCE-844C-81BDA0C64CD8}.Debug|Any CPU.ActiveCfg = Debug|Any CPU
		{E5F88B17-2DC3-4BCE-844C-81BDA0C64CD8}.Debug|Any CPU.Build.0 = Debug|Any CPU
		{E5F88B17-2DC3-4BCE-844C-81BDA0C64CD8}.Release|Any CPU.ActiveCfg = Release|Any CPU
		{E5F88B17-2DC3-4BCE-844C-81BDA0C64CD8}.Release|Any CPU.Build.0 = Release|Any CPU
		{3CC9AC1E-482C-48F6-9BC2-A48C03F3A9C6}.Debug|Any CPU.ActiveCfg = Debug|Any CPU
		{3CC9AC1E-482C-48F6-9BC2-A48C03F3A9C6}.Debug|Any CPU.Build.0 = Debug|Any CPU
		{3CC9AC1E-482C-48F6-9BC2-A48C03F3A9C6}.Release|Any CPU.ActiveCfg = Release|Any CPU
		{3CC9AC1E-482C-48F6-9BC2-A48C03F3A9C6}.Release|Any CPU.Build.0 = Release|Any CPU
		{19667D3C-64BB-4000-A4F9-74086DF512A4}.Debug|Any CPU.ActiveCfg = Debug|Any CPU
		{19667D3C-64BB-4000-A4F9-74086DF512A4}.Debug|Any CPU.Build.0 = Debug|Any CPU
		{19667D3C-64BB-4000-A4F9-74086DF512A4}.Release|Any CPU.ActiveCfg = Release|Any CPU
		{19667D3C-64BB-4000-A4F9-74086DF512A4}.Release|Any CPU.Build.0 = Release|Any CPU
		{8305CABB-7C84-4FBD-98F7-5722EB1698B5}.Debug|Any CPU.ActiveCfg = Debug|Any CPU
		{8305CABB-7C84-4FBD-98F7-5722EB1698B5}.Debug|Any CPU.Build.0 = Debug|Any CPU
		{8305CABB-7C84-4FBD-98F7-5722EB1698B5}.Release|Any CPU.ActiveCfg = Release|Any CPU
		{8305CABB-7C84-4FBD-98F7-5722EB1698B5}.Release|Any CPU.Build.0 = Release|Any CPU
		{03BF3326-5857-411C-8EAB-DB3952A5BCA6}.Debug|Any CPU.ActiveCfg = Debug|Any CPU
		{03BF3326-5857-411C-8EAB-DB3952A5BCA6}.Debug|Any CPU.Build.0 = Debug|Any CPU
		{03BF3326-5857-411C-8EAB-DB3952A5BCA6}.Release|Any CPU.ActiveCfg = Release|Any CPU
		{03BF3326-5857-411C-8EAB-DB3952A5BCA6}.Release|Any CPU.Build.0 = Release|Any CPU
		{D59DF36E-E4D1-4D3F-939E-FF5F40E66C1E}.Debug|Any CPU.ActiveCfg = Debug|Any CPU
		{D59DF36E-E4D1-4D3F-939E-FF5F40E66C1E}.Debug|Any CPU.Build.0 = Debug|Any CPU
		{D59DF36E-E4D1-4D3F-939E-FF5F40E66C1E}.Release|Any CPU.ActiveCfg = Release|Any CPU
		{D59DF36E-E4D1-4D3F-939E-FF5F40E66C1E}.Release|Any CPU.Build.0 = Release|Any CPU
		{4B2E5744-988C-4C93-93AA-A6DDB24C55F9}.Debug|Any CPU.ActiveCfg = Debug|Any CPU
		{4B2E5744-988C-4C93-93AA-A6DDB24C55F9}.Debug|Any CPU.Build.0 = Debug|Any CPU
		{4B2E5744-988C-4C93-93AA-A6DDB24C55F9}.Release|Any CPU.ActiveCfg = Release|Any CPU
		{4B2E5744-988C-4C93-93AA-A6DDB24C55F9}.Release|Any CPU.Build.0 = Release|Any CPU
		{92361704-FCE5-4BE4-AD38-877543ADECE2}.Debug|Any CPU.ActiveCfg = Debug|Any CPU
		{92361704-FCE5-4BE4-AD38-877543ADECE2}.Debug|Any CPU.Build.0 = Debug|Any CPU
		{92361704-FCE5-4BE4-AD38-877543ADECE2}.Release|Any CPU.ActiveCfg = Release|Any CPU
		{92361704-FCE5-4BE4-AD38-877543ADECE2}.Release|Any CPU.Build.0 = Release|Any CPU
		{AB0D3E97-82D8-4B7B-A92C-0A4A6E774462}.Debug|Any CPU.ActiveCfg = Debug|Any CPU
		{AB0D3E97-82D8-4B7B-A92C-0A4A6E774462}.Debug|Any CPU.Build.0 = Debug|Any CPU
		{AB0D3E97-82D8-4B7B-A92C-0A4A6E774462}.Release|Any CPU.ActiveCfg = Release|Any CPU
		{AB0D3E97-82D8-4B7B-A92C-0A4A6E774462}.Release|Any CPU.Build.0 = Release|Any CPU
		{909E6958-8D99-4DA9-B1B3-9F4A39C79204}.Debug|Any CPU.ActiveCfg = Debug|Any CPU
		{909E6958-8D99-4DA9-B1B3-9F4A39C79204}.Debug|Any CPU.Build.0 = Debug|Any CPU
		{909E6958-8D99-4DA9-B1B3-9F4A39C79204}.Release|Any CPU.ActiveCfg = Release|Any CPU
		{909E6958-8D99-4DA9-B1B3-9F4A39C79204}.Release|Any CPU.Build.0 = Release|Any CPU
		{EAEC4E98-D9C9-468B-9B1F-115A553C49A8}.Debug|Any CPU.ActiveCfg = Debug|Any CPU
		{EAEC4E98-D9C9-468B-9B1F-115A553C49A8}.Debug|Any CPU.Build.0 = Debug|Any CPU
		{EAEC4E98-D9C9-468B-9B1F-115A553C49A8}.Release|Any CPU.ActiveCfg = Release|Any CPU
		{EAEC4E98-D9C9-468B-9B1F-115A553C49A8}.Release|Any CPU.Build.0 = Release|Any CPU
		{BFD486FE-D10B-48DE-A469-86B27E4F96F1}.Debug|Any CPU.ActiveCfg = Debug|Any CPU
		{BFD486FE-D10B-48DE-A469-86B27E4F96F1}.Debug|Any CPU.Build.0 = Debug|Any CPU
		{BFD486FE-D10B-48DE-A469-86B27E4F96F1}.Release|Any CPU.ActiveCfg = Release|Any CPU
		{BFD486FE-D10B-48DE-A469-86B27E4F96F1}.Release|Any CPU.Build.0 = Release|Any CPU
		{5F0D1FEA-208C-4035-88D7-351F6A23386F}.Debug|Any CPU.ActiveCfg = Debug|Any CPU
		{5F0D1FEA-208C-4035-88D7-351F6A23386F}.Debug|Any CPU.Build.0 = Debug|Any CPU
		{5F0D1FEA-208C-4035-88D7-351F6A23386F}.Release|Any CPU.ActiveCfg = Release|Any CPU
		{5F0D1FEA-208C-4035-88D7-351F6A23386F}.Release|Any CPU.Build.0 = Release|Any CPU
		{607F2FDD-B004-4A63-B9C3-561731671478}.Debug|Any CPU.ActiveCfg = Debug|Any CPU
		{607F2FDD-B004-4A63-B9C3-561731671478}.Debug|Any CPU.Build.0 = Debug|Any CPU
		{607F2FDD-B004-4A63-B9C3-561731671478}.Release|Any CPU.ActiveCfg = Release|Any CPU
		{607F2FDD-B004-4A63-B9C3-561731671478}.Release|Any CPU.Build.0 = Release|Any CPU
		{8F59B38F-5BB3-46BD-A3B3-53E3AECE8047}.Debug|Any CPU.ActiveCfg = Debug|Any CPU
		{8F59B38F-5BB3-46BD-A3B3-53E3AECE8047}.Debug|Any CPU.Build.0 = Debug|Any CPU
		{8F59B38F-5BB3-46BD-A3B3-53E3AECE8047}.Release|Any CPU.ActiveCfg = Release|Any CPU
		{8F59B38F-5BB3-46BD-A3B3-53E3AECE8047}.Release|Any CPU.Build.0 = Release|Any CPU
		{72253D1F-329E-4991-A96B-80E07303EF84}.Debug|Any CPU.ActiveCfg = Debug|Any CPU
		{72253D1F-329E-4991-A96B-80E07303EF84}.Debug|Any CPU.Build.0 = Debug|Any CPU
		{72253D1F-329E-4991-A96B-80E07303EF84}.Release|Any CPU.ActiveCfg = Release|Any CPU
		{72253D1F-329E-4991-A96B-80E07303EF84}.Release|Any CPU.Build.0 = Release|Any CPU
		{EC487B8A-E865-496A-94D9-E8D033AB6FCE}.Debug|Any CPU.ActiveCfg = Debug|Any CPU
		{EC487B8A-E865-496A-94D9-E8D033AB6FCE}.Debug|Any CPU.Build.0 = Debug|Any CPU
		{EC487B8A-E865-496A-94D9-E8D033AB6FCE}.Release|Any CPU.ActiveCfg = Release|Any CPU
		{EC487B8A-E865-496A-94D9-E8D033AB6FCE}.Release|Any CPU.Build.0 = Release|Any CPU
		{B1F24337-C4B7-4B6D-9110-4C6244FD6427}.Debug|Any CPU.ActiveCfg = Debug|Any CPU
		{B1F24337-C4B7-4B6D-9110-4C6244FD6427}.Debug|Any CPU.Build.0 = Debug|Any CPU
		{B1F24337-C4B7-4B6D-9110-4C6244FD6427}.Release|Any CPU.ActiveCfg = Release|Any CPU
		{B1F24337-C4B7-4B6D-9110-4C6244FD6427}.Release|Any CPU.Build.0 = Release|Any CPU
		{F3470CB5-5699-4810-B027-C165C606A31D}.Debug|Any CPU.ActiveCfg = Debug|Any CPU
		{F3470CB5-5699-4810-B027-C165C606A31D}.Debug|Any CPU.Build.0 = Debug|Any CPU
		{F3470CB5-5699-4810-B027-C165C606A31D}.Release|Any CPU.ActiveCfg = Release|Any CPU
		{F3470CB5-5699-4810-B027-C165C606A31D}.Release|Any CPU.Build.0 = Release|Any CPU
		{D0CE5989-8B01-4140-8207-210DF59B1A70}.Debug|Any CPU.ActiveCfg = Debug|Any CPU
		{D0CE5989-8B01-4140-8207-210DF59B1A70}.Debug|Any CPU.Build.0 = Debug|Any CPU
		{D0CE5989-8B01-4140-8207-210DF59B1A70}.Release|Any CPU.ActiveCfg = Release|Any CPU
		{D0CE5989-8B01-4140-8207-210DF59B1A70}.Release|Any CPU.Build.0 = Release|Any CPU
		{54CCA0F5-E38E-4949-A490-259154440960}.Debug|Any CPU.ActiveCfg = Debug|Any CPU
		{54CCA0F5-E38E-4949-A490-259154440960}.Debug|Any CPU.Build.0 = Debug|Any CPU
		{54CCA0F5-E38E-4949-A490-259154440960}.Release|Any CPU.ActiveCfg = Release|Any CPU
		{54CCA0F5-E38E-4949-A490-259154440960}.Release|Any CPU.Build.0 = Release|Any CPU
		{49941AB4-C988-49A0-BFCE-454EF460387F}.Debug|Any CPU.ActiveCfg = Debug|Any CPU
		{49941AB4-C988-49A0-BFCE-454EF460387F}.Debug|Any CPU.Build.0 = Debug|Any CPU
		{49941AB4-C988-49A0-BFCE-454EF460387F}.Release|Any CPU.ActiveCfg = Release|Any CPU
		{49941AB4-C988-49A0-BFCE-454EF460387F}.Release|Any CPU.Build.0 = Release|Any CPU
		{8A9E3D37-83C9-409A-BA12-893B8CFBE5D0}.Debug|Any CPU.ActiveCfg = Debug|Any CPU
		{8A9E3D37-83C9-409A-BA12-893B8CFBE5D0}.Debug|Any CPU.Build.0 = Debug|Any CPU
		{8A9E3D37-83C9-409A-BA12-893B8CFBE5D0}.Release|Any CPU.ActiveCfg = Release|Any CPU
		{8A9E3D37-83C9-409A-BA12-893B8CFBE5D0}.Release|Any CPU.Build.0 = Release|Any CPU
		{9AA741E9-4257-481E-9F90-659C4BBA62FA}.Debug|Any CPU.ActiveCfg = Debug|Any CPU
		{9AA741E9-4257-481E-9F90-659C4BBA62FA}.Debug|Any CPU.Build.0 = Debug|Any CPU
		{9AA741E9-4257-481E-9F90-659C4BBA62FA}.Release|Any CPU.ActiveCfg = Release|Any CPU
		{9AA741E9-4257-481E-9F90-659C4BBA62FA}.Release|Any CPU.Build.0 = Release|Any CPU
		{FFD1CB12-623E-402F-B62B-49D8628E94BD}.Debug|Any CPU.ActiveCfg = Debug|Any CPU
		{FFD1CB12-623E-402F-B62B-49D8628E94BD}.Debug|Any CPU.Build.0 = Debug|Any CPU
		{FFD1CB12-623E-402F-B62B-49D8628E94BD}.Release|Any CPU.ActiveCfg = Release|Any CPU
		{FFD1CB12-623E-402F-B62B-49D8628E94BD}.Release|Any CPU.Build.0 = Release|Any CPU
		{F24B777F-D198-4575-80EF-5B6AA96F9525}.Debug|Any CPU.ActiveCfg = Debug|Any CPU
		{F24B777F-D198-4575-80EF-5B6AA96F9525}.Debug|Any CPU.Build.0 = Debug|Any CPU
		{F24B777F-D198-4575-80EF-5B6AA96F9525}.Release|Any CPU.ActiveCfg = Release|Any CPU
		{F24B777F-D198-4575-80EF-5B6AA96F9525}.Release|Any CPU.Build.0 = Release|Any CPU
		{7A5FF697-9C12-42AD-9A8A-E55922C43475}.Debug|Any CPU.ActiveCfg = Debug|Any CPU
		{7A5FF697-9C12-42AD-9A8A-E55922C43475}.Debug|Any CPU.Build.0 = Debug|Any CPU
		{7A5FF697-9C12-42AD-9A8A-E55922C43475}.Release|Any CPU.ActiveCfg = Release|Any CPU
		{7A5FF697-9C12-42AD-9A8A-E55922C43475}.Release|Any CPU.Build.0 = Release|Any CPU
		{B238E547-229F-4722-9248-C0E42B41A575}.Debug|Any CPU.ActiveCfg = Debug|Any CPU
		{B238E547-229F-4722-9248-C0E42B41A575}.Debug|Any CPU.Build.0 = Debug|Any CPU
		{B238E547-229F-4722-9248-C0E42B41A575}.Release|Any CPU.ActiveCfg = Release|Any CPU
		{B238E547-229F-4722-9248-C0E42B41A575}.Release|Any CPU.Build.0 = Release|Any CPU
		{87D08B5E-F696-48F0-B805-BCF16D78327C}.Debug|Any CPU.ActiveCfg = Debug|Any CPU
		{87D08B5E-F696-48F0-B805-BCF16D78327C}.Debug|Any CPU.Build.0 = Debug|Any CPU
		{87D08B5E-F696-48F0-B805-BCF16D78327C}.Release|Any CPU.ActiveCfg = Release|Any CPU
		{87D08B5E-F696-48F0-B805-BCF16D78327C}.Release|Any CPU.Build.0 = Release|Any CPU
	EndGlobalSection
	GlobalSection(SolutionProperties) = preSolution
		HideSolutionNode = FALSE
	EndGlobalSection
	GlobalSection(NestedProjects) = preSolution
		{0354F49D-EE03-4711-BBEF-E22669A6572A} = {0BA16A67-6920-4086-8B92-9CECBAF01C38}
		{D287A689-C787-475D-AA9B-457D794DBE4E} = {0354F49D-EE03-4711-BBEF-E22669A6572A}
		{9BF02300-954B-4BD0-9AF3-F19CDDCA19D5} = {0BA16A67-6920-4086-8B92-9CECBAF01C38}
		{D561ED1B-8DB2-4C9C-A9AC-97B2C9EF6C68} = {9BF02300-954B-4BD0-9AF3-F19CDDCA19D5}
		{26EC3D57-9220-4148-89E8-7008390BD337} = {9BF02300-954B-4BD0-9AF3-F19CDDCA19D5}
		{32F525FA-AC5C-4292-9AF1-31B04E293D2C} = {0BA16A67-6920-4086-8B92-9CECBAF01C38}
		{72D0773D-B7DB-4B71-B55C-75DA2936A3E4} = {32F525FA-AC5C-4292-9AF1-31B04E293D2C}
		{FF81B874-5715-4161-A0B9-2A1FCF96C781} = {32F525FA-AC5C-4292-9AF1-31B04E293D2C}
		{2D7F791A-5B44-4563-AC4B-C5E7254632AE} = {99048E0F-B4B8-4895-BD3B-4C31434AB4D4}
		{3CC9AC1E-482C-48F6-9BC2-A48C03F3A9C6} = {2D7F791A-5B44-4563-AC4B-C5E7254632AE}
		{9A1D6B2E-FF50-4575-9AAB-E056A942DF28} = {99048E0F-B4B8-4895-BD3B-4C31434AB4D4}
		{19667D3C-64BB-4000-A4F9-74086DF512A4} = {9A1D6B2E-FF50-4575-9AAB-E056A942DF28}
		{8305CABB-7C84-4FBD-98F7-5722EB1698B5} = {9A1D6B2E-FF50-4575-9AAB-E056A942DF28}
		{38BD20CB-5E08-49C5-8453-D21E8DF5D000} = {99048E0F-B4B8-4895-BD3B-4C31434AB4D4}
		{03BF3326-5857-411C-8EAB-DB3952A5BCA6} = {38BD20CB-5E08-49C5-8453-D21E8DF5D000}
		{D59DF36E-E4D1-4D3F-939E-FF5F40E66C1E} = {38BD20CB-5E08-49C5-8453-D21E8DF5D000}
		{1D213890-6471-42D6-A85D-53500FBA76F4} = {AF8E7B21-4BF0-4A58-B81F-852D18A0BB9F}
		{4B2E5744-988C-4C93-93AA-A6DDB24C55F9} = {1D213890-6471-42D6-A85D-53500FBA76F4}
		{3C7D75FF-66BA-436B-9D92-9C951EC744F0} = {AF8E7B21-4BF0-4A58-B81F-852D18A0BB9F}
		{92361704-FCE5-4BE4-AD38-877543ADECE2} = {3C7D75FF-66BA-436B-9D92-9C951EC744F0}
		{79EDE80F-0AA0-41E7-B7BF-D0440655982C} = {AF8E7B21-4BF0-4A58-B81F-852D18A0BB9F}
		{AB0D3E97-82D8-4B7B-A92C-0A4A6E774462} = {79EDE80F-0AA0-41E7-B7BF-D0440655982C}
		{909E6958-8D99-4DA9-B1B3-9F4A39C79204} = {79EDE80F-0AA0-41E7-B7BF-D0440655982C}
		{EAEC4E98-D9C9-468B-9B1F-115A553C49A8} = {3C7D75FF-66BA-436B-9D92-9C951EC744F0}
		{100A781D-FC58-4783-8930-43555EF667A7} = {B46B7A83-1B71-494E-814A-15E65F97E837}
		{BFD486FE-D10B-48DE-A469-86B27E4F96F1} = {100A781D-FC58-4783-8930-43555EF667A7}
		{E96CD4D6-6BD6-48FB-B6B3-D93671D6B2BF} = {B46B7A83-1B71-494E-814A-15E65F97E837}
		{5F0D1FEA-208C-4035-88D7-351F6A23386F} = {E96CD4D6-6BD6-48FB-B6B3-D93671D6B2BF}
		{607F2FDD-B004-4A63-B9C3-561731671478} = {E96CD4D6-6BD6-48FB-B6B3-D93671D6B2BF}
		{8527FA3B-2C75-4732-AE4B-0228FCDA2724} = {B46B7A83-1B71-494E-814A-15E65F97E837}
		{8F59B38F-5BB3-46BD-A3B3-53E3AECE8047} = {8527FA3B-2C75-4732-AE4B-0228FCDA2724}
		{72253D1F-329E-4991-A96B-80E07303EF84} = {8527FA3B-2C75-4732-AE4B-0228FCDA2724}
		{A67DA03C-3910-4BBF-AA9E-CE130C1EF40C} = {C53C14A9-47B2-4BBC-BBA1-DF528DE60379}
		{EC487B8A-E865-496A-94D9-E8D033AB6FCE} = {A67DA03C-3910-4BBF-AA9E-CE130C1EF40C}
		{06CEF98B-E2C6-4AA3-9EB2-B51C70CC12DC} = {C53C14A9-47B2-4BBC-BBA1-DF528DE60379}
		{B1F24337-C4B7-4B6D-9110-4C6244FD6427} = {06CEF98B-E2C6-4AA3-9EB2-B51C70CC12DC}
		{F3470CB5-5699-4810-B027-C165C606A31D} = {06CEF98B-E2C6-4AA3-9EB2-B51C70CC12DC}
		{4F8AA009-62A8-4054-8C3E-7265AF02238D} = {C53C14A9-47B2-4BBC-BBA1-DF528DE60379}
		{D0CE5989-8B01-4140-8207-210DF59B1A70} = {4F8AA009-62A8-4054-8C3E-7265AF02238D}
		{54CCA0F5-E38E-4949-A490-259154440960} = {4F8AA009-62A8-4054-8C3E-7265AF02238D}
		{4904CF77-85B7-46B7-BD31-1656961D0C63} = {ED8B2874-1771-4E5B-9A0C-8514258EA4DF}
		{49941AB4-C988-49A0-BFCE-454EF460387F} = {4904CF77-85B7-46B7-BD31-1656961D0C63}
		{587C34C0-8217-41C1-961E-3D6CFC088860} = {ED8B2874-1771-4E5B-9A0C-8514258EA4DF}
		{8A9E3D37-83C9-409A-BA12-893B8CFBE5D0} = {587C34C0-8217-41C1-961E-3D6CFC088860}
		{67EC3AF6-DD14-4695-809B-A430EBB532B4} = {ED8B2874-1771-4E5B-9A0C-8514258EA4DF}
		{9AA741E9-4257-481E-9F90-659C4BBA62FA} = {67EC3AF6-DD14-4695-809B-A430EBB532B4}
		{FFD1CB12-623E-402F-B62B-49D8628E94BD} = {587C34C0-8217-41C1-961E-3D6CFC088860}
		{F24B777F-D198-4575-80EF-5B6AA96F9525} = {67EC3AF6-DD14-4695-809B-A430EBB532B4}
		{7A5FF697-9C12-42AD-9A8A-E55922C43475} = {32F525FA-AC5C-4292-9AF1-31B04E293D2C}
		{1C90E09C-EC88-4F2F-8EB4-9E522AE396E9} = {0BA16A67-6920-4086-8B92-9CECBAF01C38}
		{B238E547-229F-4722-9248-C0E42B41A575} = {1C90E09C-EC88-4F2F-8EB4-9E522AE396E9}
		{E55EC257-F3FC-4CD7-B840-F618E2C6C265} = {AF8E7B21-4BF0-4A58-B81F-852D18A0BB9F}
		{87D08B5E-F696-48F0-B805-BCF16D78327C} = {E55EC257-F3FC-4CD7-B840-F618E2C6C265}
	EndGlobalSection
	GlobalSection(ExtensibilityGlobals) = postSolution
		SolutionGuid = {066AA688-9F10-4B74-BBAA-6FBF07E93119}
	EndGlobalSection
EndGlobal
